
Microsoft Visual Studio Solution File, Format Version 12.00
# Visual Studio Version 16
VisualStudioVersion = 16.0.30611.23
MinimumVisualStudioVersion = 10.0.40219.1
Project("{9A19103F-16F7-4668-BE54-9A1E7A4F7556}") = "SportQuestTrackerAPI", "SportQuestTrackerAPI.csproj", "{DEBAD4D5-64BC-4C13-B0E2-0F810680B1CF}"
EndProject
Project("{9A19103F-16F7-4668-BE54-9A1E7A4F7556}") = "SportQuestTrackerUI", "..\SportQuestTrackerUI\SportQuestTrackerUI.csproj", "{BB072489-300C-4B2C-9ED8-D2D7FDD5CF58}"
EndProject
Project("{9A19103F-16F7-4668-BE54-9A1E7A4F7556}") = "SportQuestTracker-UI", "..\SportQuestTracker-UI\SportQuestTracker-UI.csproj", "{654B9AA2-CCA9-4895-B647-372AAD238BB2}"
EndProject
Global
	GlobalSection(SolutionConfigurationPlatforms) = preSolution
		Debug|Any CPU = Debug|Any CPU
		Release|Any CPU = Release|Any CPU
	EndGlobalSection
	GlobalSection(ProjectConfigurationPlatforms) = postSolution
		{DEBAD4D5-64BC-4C13-B0E2-0F810680B1CF}.Debug|Any CPU.ActiveCfg = Debug|Any CPU
		{DEBAD4D5-64BC-4C13-B0E2-0F810680B1CF}.Debug|Any CPU.Build.0 = Debug|Any CPU
		{DEBAD4D5-64BC-4C13-B0E2-0F810680B1CF}.Release|Any CPU.ActiveCfg = Release|Any CPU
		{DEBAD4D5-64BC-4C13-B0E2-0F810680B1CF}.Release|Any CPU.Build.0 = Release|Any CPU
		{BB072489-300C-4B2C-9ED8-D2D7FDD5CF58}.Debug|Any CPU.ActiveCfg = Debug|Any CPU
		{BB072489-300C-4B2C-9ED8-D2D7FDD5CF58}.Debug|Any CPU.Build.0 = Debug|Any CPU
		{BB072489-300C-4B2C-9ED8-D2D7FDD5CF58}.Release|Any CPU.ActiveCfg = Release|Any CPU
		{BB072489-300C-4B2C-9ED8-D2D7FDD5CF58}.Release|Any CPU.Build.0 = Release|Any CPU
		{654B9AA2-CCA9-4895-B647-372AAD238BB2}.Debug|Any CPU.ActiveCfg = Debug|Any CPU
		{654B9AA2-CCA9-4895-B647-372AAD238BB2}.Debug|Any CPU.Build.0 = Debug|Any CPU
		{654B9AA2-CCA9-4895-B647-372AAD238BB2}.Release|Any CPU.ActiveCfg = Release|Any CPU
		{654B9AA2-CCA9-4895-B647-372AAD238BB2}.Release|Any CPU.Build.0 = Release|Any CPU
	EndGlobalSection
	GlobalSection(SolutionProperties) = preSolution
		HideSolutionNode = FALSE
	EndGlobalSection
	GlobalSection(ExtensibilityGlobals) = postSolution
		SolutionGuid = {DEC7B527-5558-45BD-B38D-C93DDF03CB84}
	EndGlobalSection
EndGlobal
