
Microsoft Visual Studio Solution File, Format Version 12.00
# Visual Studio Version 16
VisualStudioVersion = 16.0.30225.117
MinimumVisualStudioVersion = 10.0.40219.1
Project("{9A19103F-16F7-4668-BE54-9A1E7A4F7556}") = "SportQuestTrackerAPI", "SportQuestTrackerAPI\SportQuestTrackerAPI.csproj", "{96C30F48-B7FC-46B3-AD8B-9E2FC03F1660}"
EndProject
Project("{9A19103F-16F7-4668-BE54-9A1E7A4F7556}") = "SportQuestTrackerUI", "SportQuestTrackerUI\SportQuestTrackerUI.csproj", "{A34C089A-8232-4DE5-A952-05978088ADEA}"
EndProject
Project("{9A19103F-16F7-4668-BE54-9A1E7A4F7556}") = "SportQuestTracker-UI", "SportQuestTracker-UI\SportQuestTracker-UI.csproj", "{77548C99-91E2-48F1-9466-F9D0CE91B221}"
EndProject
Global
	GlobalSection(SolutionConfigurationPlatforms) = preSolution
		Debug|Any CPU = Debug|Any CPU
		Release|Any CPU = Release|Any CPU
	EndGlobalSection
	GlobalSection(ProjectConfigurationPlatforms) = postSolution
		{96C30F48-B7FC-46B3-AD8B-9E2FC03F1660}.Debug|Any CPU.ActiveCfg = Debug|Any CPU
		{96C30F48-B7FC-46B3-AD8B-9E2FC03F1660}.Debug|Any CPU.Build.0 = Debug|Any CPU
		{96C30F48-B7FC-46B3-AD8B-9E2FC03F1660}.Release|Any CPU.ActiveCfg = Release|Any CPU
		{96C30F48-B7FC-46B3-AD8B-9E2FC03F1660}.Release|Any CPU.Build.0 = Release|Any CPU
		{A34C089A-8232-4DE5-A952-05978088ADEA}.Debug|Any CPU.ActiveCfg = Debug|Any CPU
		{A34C089A-8232-4DE5-A952-05978088ADEA}.Debug|Any CPU.Build.0 = Debug|Any CPU
		{A34C089A-8232-4DE5-A952-05978088ADEA}.Release|Any CPU.ActiveCfg = Release|Any CPU
		{A34C089A-8232-4DE5-A952-05978088ADEA}.Release|Any CPU.Build.0 = Release|Any CPU
		{77548C99-91E2-48F1-9466-F9D0CE91B221}.Debug|Any CPU.ActiveCfg = Debug|Any CPU
		{77548C99-91E2-48F1-9466-F9D0CE91B221}.Debug|Any CPU.Build.0 = Debug|Any CPU
		{77548C99-91E2-48F1-9466-F9D0CE91B221}.Release|Any CPU.ActiveCfg = Release|Any CPU
		{77548C99-91E2-48F1-9466-F9D0CE91B221}.Release|Any CPU.Build.0 = Release|Any CPU
	EndGlobalSection
	GlobalSection(SolutionProperties) = preSolution
		HideSolutionNode = FALSE
	EndGlobalSection
	GlobalSection(ExtensibilityGlobals) = postSolution
		SolutionGuid = {CCBC9A7B-62AF-491C-B811-0BACC03641EB}
	EndGlobalSection
EndGlobal
